{
    "name": "code-editor-in-lms",
    "version": "1.0.0",
    "lockfileVersion": 1,
    "requires": true,
    "dependencies": {
        "boomlet": {
            "version": "1.0.1",
            "resolved": "https://registry.npmjs.org/boomlet/-/boomlet-1.0.1.tgz",
            "integrity": "sha512-K6q07Js6MCMJSGiiAU0dSoZiHVG+GrLcCzp/SRlYBvvp91QIeZ0G7obKj8QMfU42is7+N3dwcD4dxe4ZhWgVBw==",
            "dev": true,
            "requires": {
                "open": "0.0.5",
                "temp-write": "3.4.0",
                "uglify-js": "3.3.18"
            }
        },
        "commander": {
            "version": "2.15.1",
            "resolved": "https://registry.npmjs.org/commander/-/commander-2.15.1.tgz",
            "integrity": "sha512-VlfT9F3V0v+jr4yxPc5gg9s62/fIVWsd2Bk2iD435um1NlGMYdVCq+MjcXnhYq2icNOizHr1kK+5TI6H0Hy0ag==",
            "dev": true
        },
        "graceful-fs": {
            "version": "4.1.11",
            "resolved": "https://registry.npmjs.org/graceful-fs/-/graceful-fs-4.1.11.tgz",
            "integrity": "sha1-Dovf5NHduIVNZOBOp8AOKgJuVlg=",
            "dev": true
        },
        "is-stream": {
            "version": "1.1.0",
            "resolved": "https://registry.npmjs.org/is-stream/-/is-stream-1.1.0.tgz",
            "integrity": "sha1-EtSj3U5o4Lec6428hBc66A2RykQ=",
            "dev": true
        },
        "make-dir": {
            "version": "1.2.0",
            "resolved": "https://registry.npmjs.org/make-dir/-/make-dir-1.2.0.tgz",
            "integrity": "sha512-aNUAa4UMg/UougV25bbrU4ZaaKNjJ/3/xnvg/twpmKROPdKZPZ9wGgI0opdZzO8q/zUFawoUuixuOv33eZ61Iw==",
            "dev": true,
            "requires": {
                "pify": "3.0.0"
            }
        },
        "open": {
            "version": "0.0.5",
            "resolved": "https://registry.npmjs.org/open/-/open-0.0.5.tgz",
            "integrity": "sha1-QsPhjslUZra/DcQvOilFw/DK2Pw=",
            "dev": true
        },
        "pify": {
            "version": "3.0.0",
            "resolved": "https://registry.npmjs.org/pify/-/pify-3.0.0.tgz",
            "integrity": "sha1-5aSs0sEB/fPZpNB/DbxNtJ3SgXY=",
            "dev": true
        },
        "source-map": {
            "version": "0.6.1",
            "resolved": "https://registry.npmjs.org/source-map/-/source-map-0.6.1.tgz",
            "integrity": "sha512-UjgapumWlbMhkBgzT7Ykc5YXUT46F0iKu8SGXq0bcwP5dz/h0Plj6enJqjz1Zbq2l5WaqYnrVbwWOWMyF3F47g==",
            "dev": true
        },
        "temp-dir": {
            "version": "1.0.0",
            "resolved": "https://registry.npmjs.org/temp-dir/-/temp-dir-1.0.0.tgz",
            "integrity": "sha1-CnwOom06Oa+n4OvqnB/AvE2qAR0=",
            "dev": true
        },
        "temp-write": {
            "version": "3.4.0",
            "resolved": "https://registry.npmjs.org/temp-write/-/temp-write-3.4.0.tgz",
            "integrity": "sha1-jP9jD7fp2gXwR8dM5M5NaFRX1JI=",
            "dev": true,
            "requires": {
                "graceful-fs": "4.1.11",
                "is-stream": "1.1.0",
                "make-dir": "1.2.0",
                "pify": "3.0.0",
                "temp-dir": "1.0.0",
                "uuid": "3.2.1"
            }
        },
        "uglify-js": {
            "version": "3.3.18",
            "resolved": "https://registry.npmjs.org/uglify-js/-/uglify-js-3.3.18.tgz",
            "integrity": "sha512-VhjIFv93KnTx/ntNi9yTBbfrsWnQnqUy02MT32uqU/5i2oEJ8GAEJ0AwYV206JeOmIzSjm41Ba0iXVKv6j7y9g==",
            "dev": true,
            "requires": {
                "commander": "2.15.1",
                "source-map": "0.6.1"
            }
        },
        "uuid": {
            "version": "3.2.1",
            "resolved": "https://registry.npmjs.org/uuid/-/uuid-3.2.1.tgz",
            "integrity": "sha512-jZnMwlb9Iku/O3smGWvZhauCf6cvvpKi4BKRiliS3cxnI+Gz9j5MEpTz2UFuXiKPJocb7gnsLHwiS05ige5BEA==",
            "dev": true
        }
    }
}
